
Microsoft Visual Studio Solution File, Format Version 12.00
# Visual Studio Version 17
VisualStudioVersion = 17.0.32112.339
MinimumVisualStudioVersion = 10.0.40219.1
Project("{9A19103F-16F7-4668-BE54-9A1E7A4F7556}") = "Base", "Filhadaputaaaaaaaaaaaaaaaaaaaaaaaaaaaaaaaaaaaaaa\Base.csproj", "{68113196-8EF9-4922-9479-AC34BB335A39}"
EndProject
Global
	GlobalSection(SolutionConfigurationPlatforms) = preSolution
		Debug|Any CPU = Debug|Any CPU
		Release|Any CPU = Release|Any CPU
	EndGlobalSection
	GlobalSection(ProjectConfigurationPlatforms) = postSolution
		{68113196-8EF9-4922-9479-AC34BB335A39}.Debug|Any CPU.ActiveCfg = Debug|Any CPU
		{68113196-8EF9-4922-9479-AC34BB335A39}.Debug|Any CPU.Build.0 = Debug|Any CPU
		{68113196-8EF9-4922-9479-AC34BB335A39}.Release|Any CPU.ActiveCfg = Release|Any CPU
		{68113196-8EF9-4922-9479-AC34BB335A39}.Release|Any CPU.Build.0 = Release|Any CPU
	EndGlobalSection
	GlobalSection(SolutionProperties) = preSolution
		HideSolutionNode = FALSE
	EndGlobalSection
	GlobalSection(ExtensibilityGlobals) = postSolution
		SolutionGuid = {99B328F4-CB87-48F0-AEF1-8C63F2F4EE3D}
	EndGlobalSection
EndGlobal
